
Microsoft Visual Studio Solution File, Format Version 12.00
# Visual Studio Version 16
VisualStudioVersion = 16.0.31321.278
MinimumVisualStudioVersion = 10.0.40219.1
Project("{FAE04EC0-301F-11D3-BF4B-00C04F79EFBC}") = "FileSystemWalker", "FileSystemWalker\FileSystemWalker.csproj", "{09D76778-DD95-4282-B628-1D0C4B89145B}"
EndProject
Global
	GlobalSection(SolutionConfigurationPlatforms) = preSolution
		Debug|Any CPU = Debug|Any CPU
		Release|Any CPU = Release|Any CPU
	EndGlobalSection
	GlobalSection(ProjectConfigurationPlatforms) = postSolution
		{09D76778-DD95-4282-B628-1D0C4B89145B}.Debug|Any CPU.ActiveCfg = Debug|Any CPU
		{09D76778-DD95-4282-B628-1D0C4B89145B}.Debug|Any CPU.Build.0 = Debug|Any CPU
		{09D76778-DD95-4282-B628-1D0C4B89145B}.Release|Any CPU.ActiveCfg = Release|Any CPU
		{09D76778-DD95-4282-B628-1D0C4B89145B}.Release|Any CPU.Build.0 = Release|Any CPU
	EndGlobalSection
	GlobalSection(SolutionProperties) = preSolution
		HideSolutionNode = FALSE
	EndGlobalSection
	GlobalSection(ExtensibilityGlobals) = postSolution
		SolutionGuid = {887826AD-8F00-4EC9-BE47-950672E80E0E}
	EndGlobalSection
EndGlobal
